
Microsoft Visual Studio Solution File, Format Version 12.00
# Visual Studio Version 16
VisualStudioVersion = 16.0.30114.105
MinimumVisualStudioVersion = 10.0.40219.1
Project("{56B2F9E2-CE1F-48D7-BE95-F547AAC7F40F}") = "MiApp", "MiApp.csproj", "{1150C5CC-74C2-415A-B2A3-8039898E42DE}"
EndProject
Global
	GlobalSection(SolutionConfigurationPlatforms) = preSolution
		Debug|Any CPU = Debug|Any CPU
		Release|Any CPU = Release|Any CPU
	EndGlobalSection
	GlobalSection(SolutionProperties) = preSolution
		HideSolutionNode = FALSE
	EndGlobalSection
	GlobalSection(ProjectConfigurationPlatforms) = postSolution
		{1150C5CC-74C2-415A-B2A3-8039898E42DE}.Debug|Any CPU.ActiveCfg = Debug|Any CPU
		{1150C5CC-74C2-415A-B2A3-8039898E42DE}.Debug|Any CPU.Build.0 = Debug|Any CPU
		{1150C5CC-74C2-415A-B2A3-8039898E42DE}.Release|Any CPU.ActiveCfg = Release|Any CPU
		{1150C5CC-74C2-415A-B2A3-8039898E42DE}.Release|Any CPU.Build.0 = Release|Any CPU
	EndGlobalSection
EndGlobal
